
Microsoft Visual Studio Solution File, Format Version 12.00
# Visual Studio Version 17
VisualStudioVersion = 17.5.33516.290
MinimumVisualStudioVersion = 10.0.40219.1
Project("{9A19103F-16F7-4668-BE54-9A1E7A4F7556}") = "HandlelisteDomain", "HandlelisteDomain\HandlelisteDomain.csproj", "{DA6E0743-9E1F-4C73-9553-2D9D4D57D3A8}"
EndProject
Project("{9A19103F-16F7-4668-BE54-9A1E7A4F7556}") = "HandlelisteData", "HandlelisteData\HandlelisteData.csproj", "{26483720-068F-4BF1-B389-E7D3AA84CAC1}"
EndProject
Project("{9A19103F-16F7-4668-BE54-9A1E7A4F7556}") = "HandlelisteAPI", "HandlelisteAPI\HandlelisteAPI.csproj", "{18EB3AC7-F602-4A72-9593-CECEB3B51789}"
EndProject
Global
	GlobalSection(SolutionConfigurationPlatforms) = preSolution
		Debug|Any CPU = Debug|Any CPU
		Release|Any CPU = Release|Any CPU
	EndGlobalSection
	GlobalSection(ProjectConfigurationPlatforms) = postSolution
		{DA6E0743-9E1F-4C73-9553-2D9D4D57D3A8}.Debug|Any CPU.ActiveCfg = Debug|Any CPU
		{DA6E0743-9E1F-4C73-9553-2D9D4D57D3A8}.Debug|Any CPU.Build.0 = Debug|Any CPU
		{DA6E0743-9E1F-4C73-9553-2D9D4D57D3A8}.Release|Any CPU.ActiveCfg = Release|Any CPU
		{DA6E0743-9E1F-4C73-9553-2D9D4D57D3A8}.Release|Any CPU.Build.0 = Release|Any CPU
		{26483720-068F-4BF1-B389-E7D3AA84CAC1}.Debug|Any CPU.ActiveCfg = Debug|Any CPU
		{26483720-068F-4BF1-B389-E7D3AA84CAC1}.Debug|Any CPU.Build.0 = Debug|Any CPU
		{26483720-068F-4BF1-B389-E7D3AA84CAC1}.Release|Any CPU.ActiveCfg = Release|Any CPU
		{26483720-068F-4BF1-B389-E7D3AA84CAC1}.Release|Any CPU.Build.0 = Release|Any CPU
		{18EB3AC7-F602-4A72-9593-CECEB3B51789}.Debug|Any CPU.ActiveCfg = Debug|Any CPU
		{18EB3AC7-F602-4A72-9593-CECEB3B51789}.Debug|Any CPU.Build.0 = Debug|Any CPU
		{18EB3AC7-F602-4A72-9593-CECEB3B51789}.Release|Any CPU.ActiveCfg = Release|Any CPU
		{18EB3AC7-F602-4A72-9593-CECEB3B51789}.Release|Any CPU.Build.0 = Release|Any CPU
	EndGlobalSection
	GlobalSection(SolutionProperties) = preSolution
		HideSolutionNode = FALSE
	EndGlobalSection
	GlobalSection(ExtensibilityGlobals) = postSolution
		SolutionGuid = {B6CB323E-CF02-43C8-B939-ED68CD3ABD2E}
	EndGlobalSection
EndGlobal
